# This file is generated by running "yarn install" inside your project.
# Manual changes might be lost - proceed with caution!

__metadata:
  version: 6
  cacheKey: 8c0

"root-workspace-0b6124@workspace:.":
  version: 0.0.0-use.local
  resolution: "root-workspace-0b6124@workspace:."
  dependencies:
    turbo: ^1.5.4
  languageName: unknown
  linkType: soft

"turbo-darwin-64@npm:1.5.4":
  version: 1.5.4
  resolution: "turbo-darwin-64@npm:1.5.4"
  conditions: os=darwin & cpu=x64
  languageName: node
  linkType: hard

"turbo-darwin-arm64@npm:1.5.4":
  version: 1.5.4
  resolution: "turbo-darwin-arm64@npm:1.5.4"
  conditions: os=darwin & cpu=arm64
  languageName: node
  linkType: hard

"turbo-linux-64@npm:1.5.4":
  version: 1.5.4
  resolution: "turbo-linux-64@npm:1.5.4"
  conditions: os=linux & cpu=x64
  languageName: node
  linkType: hard

"turbo-linux-arm64@npm:1.5.4":
  version: 1.5.4
  resolution: "turbo-linux-arm64@npm:1.5.4"
  conditions: os=linux & cpu=arm64
  languageName: node
  linkType: hard

"turbo-windows-64@npm:1.5.4":
  version: 1.5.4
  resolution: "turbo-windows-64@npm:1.5.4"
  conditions: os=win32 & cpu=x64
  languageName: node
  linkType: hard

"turbo-windows-arm64@npm:1.5.4":
  version: 1.5.4
  resolution: "turbo-windows-arm64@npm:1.5.4"
  conditions: os=win32 & cpu=arm64
  languageName: node
  linkType: hard

"turbo@npm:^1.5.4":
  version: 1.5.4
  resolution: "turbo@npm:1.5.4"
  dependencies:
    turbo-darwin-64: 1.5.4
    turbo-darwin-arm64: 1.5.4
    turbo-linux-64: 1.5.4
    turbo-linux-arm64: 1.5.4
    turbo-windows-64: 1.5.4
    turbo-windows-arm64: 1.5.4
  dependenciesMeta:
    turbo-darwin-64:
      optional: true
    turbo-darwin-arm64:
      optional: true
    turbo-linux-64:
      optional: true
    turbo-linux-arm64:
      optional: true
    turbo-windows-64:
      optional: true
    turbo-windows-arm64:
      optional: true
  bin:
    turbo: bin/turbo
  checksum: 39b81dc28005571ccb4a5b32ffd16a83dde8bcd82da07dcbe226d647953662af512b56bdd3a1a2878bc29edde34ad93257157e8d8fdd6506e69c03e1762e2563
  languageName: node
  linkType: hard
